
Microsoft Visual Studio Solution File, Format Version 12.00
# Visual Studio 15
VisualStudioVersion = 15.0.27428.2002
MinimumVisualStudioVersion = 10.0.40219.1
Project("{8BC9CEB8-8B4A-11D0-8D11-00A0C91BC942}") = "CompressioneCarote", "CompressioneCarote\CompressioneCarote.vcxproj", "{7D5E2534-D391-4164-8575-1E40CAEFBF8F}"
EndProject
Project("{8BC9CEB8-8B4A-11D0-8D11-00A0C91BC942}") = "CompressioneCubi", "CompressioneCubi\CompressioneCubi.vcxproj", "{5D786284-3430-4187-A88F-590E8C37DD3D}"
EndProject
Project("{8BC9CEB8-8B4A-11D0-8D11-00A0C91BC942}") = "CompressioneCubiDM2008", "CompressioneCubiDM2008\CompressioneCubiDM2008.vcxproj", "{3D2BE17E-2AEB-4A0F-8727-68A36997E5BE}"
EndProject
Project("{8BC9CEB8-8B4A-11D0-8D11-00A0C91BC942}") = "ResilienzaProfilati", "ResilienzaProfilati\ResilienzaProfilati.vcxproj", "{BDA2B845-D11A-48A2-BD8E-E3D9FD5A16C1}"
EndProject
Project("{8BC9CEB8-8B4A-11D0-8D11-00A0C91BC942}") = "TrazionePiegamentoBarre", "TrazionePiegamentoBarre\TrazionePiegamentoBarre.vcxproj", "{9F799299-F943-4989-8128-2D85941CAF20}"
EndProject
Project("{8BC9CEB8-8B4A-11D0-8D11-00A0C91BC942}") = "TrazionePiegamentoBarreB450_2010", "TrazionePiegamentoBarreB450_2010\TrazionePiegamentoBarreB450_2010.vcxproj", "{AB128156-CAA2-42F0-AC33-59594E0CD9CB}"
EndProject
Project("{8BC9CEB8-8B4A-11D0-8D11-00A0C91BC942}") = "TrazionePiegamentoBarreCT", "TrazionePiegamentoBarreCT\TrazionePiegamentoBarreCT.vcxproj", "{D9E00FF3-DE86-4C75-BA0E-EB4EE5CFCF50}"
EndProject
Project("{8BC9CEB8-8B4A-11D0-8D11-00A0C91BC942}") = "TrazioneProfilati", "TrazioneProfilati\TrazioneProfilati.vcxproj", "{4DADDA2B-2F20-4786-BCC3-BA6DFD98F5DD}"
EndProject
Project("{8BC9CEB8-8B4A-11D0-8D11-00A0C91BC942}") = "TrazioneProfilati2011", "TrazioneProfilati2011\TrazioneProfilati2011.vcxproj", "{0D6B6625-6385-4B0D-9002-A2C687EABBB8}"
EndProject
Project("{8BC9CEB8-8B4A-11D0-8D11-00A0C91BC942}") = "TrazioneReti", "TrazioneReti\TrazioneReti.vcxproj", "{489282F3-10C3-4259-BA9C-9F2EF4534DFE}"
EndProject
Project("{8BC9CEB8-8B4A-11D0-8D11-00A0C91BC942}") = "TrazioneReti2011", "TrazioneReti2011\TrazioneReti2011.vcxproj", "{F1214D65-AE61-4E81-959E-553E613B5625}"
EndProject
Project("{8BC9CEB8-8B4A-11D0-8D11-00A0C91BC942}") = "TrazioneTrefoli", "TrazioneTrefoli\TrazioneTrefoli.vcxproj", "{91A0DFF1-116C-46BC-9E7C-5C3828BC58A0}"
EndProject
Project("{8BC9CEB8-8B4A-11D0-8D11-00A0C91BC942}") = "WinSigma", "WinSigma.vcxproj", "{4AD355C2-EB2D-4E97-8C41-506E1F116783}"
EndProject
Global
	GlobalSection(SolutionConfigurationPlatforms) = preSolution
		Debug|x86 = Debug|x86
		LIDebug|x86 = LIDebug|x86
		LIRelease|x86 = LIRelease|x86
		Release|x86 = Release|x86
		Template|x86 = Template|x86
		W2Debug|x86 = W2Debug|x86
		W2Release|x86 = W2Release|x86
	EndGlobalSection
	GlobalSection(ProjectConfigurationPlatforms) = postSolution
		{7D5E2534-D391-4164-8575-1E40CAEFBF8F}.Debug|x86.ActiveCfg = Debug|Win32
		{7D5E2534-D391-4164-8575-1E40CAEFBF8F}.Debug|x86.Build.0 = Debug|Win32
		{7D5E2534-D391-4164-8575-1E40CAEFBF8F}.LIDebug|x86.ActiveCfg = Debug|Win32
		{7D5E2534-D391-4164-8575-1E40CAEFBF8F}.LIDebug|x86.Build.0 = Debug|Win32
		{7D5E2534-D391-4164-8575-1E40CAEFBF8F}.LIRelease|x86.ActiveCfg = Release|Win32
		{7D5E2534-D391-4164-8575-1E40CAEFBF8F}.LIRelease|x86.Build.0 = Release|Win32
		{7D5E2534-D391-4164-8575-1E40CAEFBF8F}.Release|x86.ActiveCfg = Release|Win32
		{7D5E2534-D391-4164-8575-1E40CAEFBF8F}.Release|x86.Build.0 = Release|Win32
		{7D5E2534-D391-4164-8575-1E40CAEFBF8F}.Template|x86.ActiveCfg = Release|Win32
		{7D5E2534-D391-4164-8575-1E40CAEFBF8F}.Template|x86.Build.0 = Release|Win32
		{7D5E2534-D391-4164-8575-1E40CAEFBF8F}.W2Debug|x86.ActiveCfg = Debug|Win32
		{7D5E2534-D391-4164-8575-1E40CAEFBF8F}.W2Debug|x86.Build.0 = Debug|Win32
		{7D5E2534-D391-4164-8575-1E40CAEFBF8F}.W2Release|x86.ActiveCfg = Release|Win32
		{7D5E2534-D391-4164-8575-1E40CAEFBF8F}.W2Release|x86.Build.0 = Release|Win32
		{5D786284-3430-4187-A88F-590E8C37DD3D}.Debug|x86.ActiveCfg = Debug|Win32
		{5D786284-3430-4187-A88F-590E8C37DD3D}.Debug|x86.Build.0 = Debug|Win32
		{5D786284-3430-4187-A88F-590E8C37DD3D}.LIDebug|x86.ActiveCfg = Debug|Win32
		{5D786284-3430-4187-A88F-590E8C37DD3D}.LIDebug|x86.Build.0 = Debug|Win32
		{5D786284-3430-4187-A88F-590E8C37DD3D}.LIRelease|x86.ActiveCfg = Release|Win32
		{5D786284-3430-4187-A88F-590E8C37DD3D}.LIRelease|x86.Build.0 = Release|Win32
		{5D786284-3430-4187-A88F-590E8C37DD3D}.Release|x86.ActiveCfg = Release|Win32
		{5D786284-3430-4187-A88F-590E8C37DD3D}.Release|x86.Build.0 = Release|Win32
		{5D786284-3430-4187-A88F-590E8C37DD3D}.Template|x86.ActiveCfg = Template|Win32
		{5D786284-3430-4187-A88F-590E8C37DD3D}.Template|x86.Build.0 = Template|Win32
		{5D786284-3430-4187-A88F-590E8C37DD3D}.W2Debug|x86.ActiveCfg = Debug|Win32
		{5D786284-3430-4187-A88F-590E8C37DD3D}.W2Debug|x86.Build.0 = Debug|Win32
		{5D786284-3430-4187-A88F-590E8C37DD3D}.W2Release|x86.ActiveCfg = Release|Win32
		{5D786284-3430-4187-A88F-590E8C37DD3D}.W2Release|x86.Build.0 = Release|Win32
		{3D2BE17E-2AEB-4A0F-8727-68A36997E5BE}.Debug|x86.ActiveCfg = Debug|Win32
		{3D2BE17E-2AEB-4A0F-8727-68A36997E5BE}.Debug|x86.Build.0 = Debug|Win32
		{3D2BE17E-2AEB-4A0F-8727-68A36997E5BE}.LIDebug|x86.ActiveCfg = Debug|Win32
		{3D2BE17E-2AEB-4A0F-8727-68A36997E5BE}.LIDebug|x86.Build.0 = Debug|Win32
		{3D2BE17E-2AEB-4A0F-8727-68A36997E5BE}.LIRelease|x86.ActiveCfg = Release|Win32
		{3D2BE17E-2AEB-4A0F-8727-68A36997E5BE}.LIRelease|x86.Build.0 = Release|Win32
		{3D2BE17E-2AEB-4A0F-8727-68A36997E5BE}.Release|x86.ActiveCfg = Release|Win32
		{3D2BE17E-2AEB-4A0F-8727-68A36997E5BE}.Release|x86.Build.0 = Release|Win32
		{3D2BE17E-2AEB-4A0F-8727-68A36997E5BE}.Template|x86.ActiveCfg = Template|Win32
		{3D2BE17E-2AEB-4A0F-8727-68A36997E5BE}.Template|x86.Build.0 = Template|Win32
		{3D2BE17E-2AEB-4A0F-8727-68A36997E5BE}.W2Debug|x86.ActiveCfg = Debug|Win32
		{3D2BE17E-2AEB-4A0F-8727-68A36997E5BE}.W2Debug|x86.Build.0 = Debug|Win32
		{3D2BE17E-2AEB-4A0F-8727-68A36997E5BE}.W2Release|x86.ActiveCfg = Release|Win32
		{3D2BE17E-2AEB-4A0F-8727-68A36997E5BE}.W2Release|x86.Build.0 = Release|Win32
		{BDA2B845-D11A-48A2-BD8E-E3D9FD5A16C1}.Debug|x86.ActiveCfg = Debug|Win32
		{BDA2B845-D11A-48A2-BD8E-E3D9FD5A16C1}.Debug|x86.Build.0 = Debug|Win32
		{BDA2B845-D11A-48A2-BD8E-E3D9FD5A16C1}.LIDebug|x86.ActiveCfg = Debug|Win32
		{BDA2B845-D11A-48A2-BD8E-E3D9FD5A16C1}.LIDebug|x86.Build.0 = Debug|Win32
		{BDA2B845-D11A-48A2-BD8E-E3D9FD5A16C1}.LIRelease|x86.ActiveCfg = Release|Win32
		{BDA2B845-D11A-48A2-BD8E-E3D9FD5A16C1}.LIRelease|x86.Build.0 = Release|Win32
		{BDA2B845-D11A-48A2-BD8E-E3D9FD5A16C1}.Release|x86.ActiveCfg = Release|Win32
		{BDA2B845-D11A-48A2-BD8E-E3D9FD5A16C1}.Release|x86.Build.0 = Release|Win32
		{BDA2B845-D11A-48A2-BD8E-E3D9FD5A16C1}.Template|x86.ActiveCfg = Template|Win32
		{BDA2B845-D11A-48A2-BD8E-E3D9FD5A16C1}.Template|x86.Build.0 = Template|Win32
		{BDA2B845-D11A-48A2-BD8E-E3D9FD5A16C1}.W2Debug|x86.ActiveCfg = Debug|Win32
		{BDA2B845-D11A-48A2-BD8E-E3D9FD5A16C1}.W2Debug|x86.Build.0 = Debug|Win32
		{BDA2B845-D11A-48A2-BD8E-E3D9FD5A16C1}.W2Release|x86.ActiveCfg = Release|Win32
		{BDA2B845-D11A-48A2-BD8E-E3D9FD5A16C1}.W2Release|x86.Build.0 = Release|Win32
		{9F799299-F943-4989-8128-2D85941CAF20}.Debug|x86.ActiveCfg = Debug|Win32
		{9F799299-F943-4989-8128-2D85941CAF20}.Debug|x86.Build.0 = Debug|Win32
		{9F799299-F943-4989-8128-2D85941CAF20}.LIDebug|x86.ActiveCfg = Debug|Win32
		{9F799299-F943-4989-8128-2D85941CAF20}.LIDebug|x86.Build.0 = Debug|Win32
		{9F799299-F943-4989-8128-2D85941CAF20}.LIRelease|x86.ActiveCfg = Release|Win32
		{9F799299-F943-4989-8128-2D85941CAF20}.LIRelease|x86.Build.0 = Release|Win32
		{9F799299-F943-4989-8128-2D85941CAF20}.Release|x86.ActiveCfg = Release|Win32
		{9F799299-F943-4989-8128-2D85941CAF20}.Release|x86.Build.0 = Release|Win32
		{9F799299-F943-4989-8128-2D85941CAF20}.Template|x86.ActiveCfg = Template|Win32
		{9F799299-F943-4989-8128-2D85941CAF20}.Template|x86.Build.0 = Template|Win32
		{9F799299-F943-4989-8128-2D85941CAF20}.W2Debug|x86.ActiveCfg = Debug|Win32
		{9F799299-F943-4989-8128-2D85941CAF20}.W2Debug|x86.Build.0 = Debug|Win32
		{9F799299-F943-4989-8128-2D85941CAF20}.W2Release|x86.ActiveCfg = Release|Win32
		{9F799299-F943-4989-8128-2D85941CAF20}.W2Release|x86.Build.0 = Release|Win32
		{AB128156-CAA2-42F0-AC33-59594E0CD9CB}.Debug|x86.ActiveCfg = Debug|Win32
		{AB128156-CAA2-42F0-AC33-59594E0CD9CB}.Debug|x86.Build.0 = Debug|Win32
		{AB128156-CAA2-42F0-AC33-59594E0CD9CB}.LIDebug|x86.ActiveCfg = Debug|Win32
		{AB128156-CAA2-42F0-AC33-59594E0CD9CB}.LIDebug|x86.Build.0 = Debug|Win32
		{AB128156-CAA2-42F0-AC33-59594E0CD9CB}.LIRelease|x86.ActiveCfg = Release|Win32
		{AB128156-CAA2-42F0-AC33-59594E0CD9CB}.LIRelease|x86.Build.0 = Release|Win32
		{AB128156-CAA2-42F0-AC33-59594E0CD9CB}.Release|x86.ActiveCfg = Release|Win32
		{AB128156-CAA2-42F0-AC33-59594E0CD9CB}.Release|x86.Build.0 = Release|Win32
		{AB128156-CAA2-42F0-AC33-59594E0CD9CB}.Template|x86.ActiveCfg = Template|Win32
		{AB128156-CAA2-42F0-AC33-59594E0CD9CB}.Template|x86.Build.0 = Template|Win32
		{AB128156-CAA2-42F0-AC33-59594E0CD9CB}.W2Debug|x86.ActiveCfg = Debug|Win32
		{AB128156-CAA2-42F0-AC33-59594E0CD9CB}.W2Debug|x86.Build.0 = Debug|Win32
		{AB128156-CAA2-42F0-AC33-59594E0CD9CB}.W2Release|x86.ActiveCfg = Release|Win32
		{AB128156-CAA2-42F0-AC33-59594E0CD9CB}.W2Release|x86.Build.0 = Release|Win32
		{D9E00FF3-DE86-4C75-BA0E-EB4EE5CFCF50}.Debug|x86.ActiveCfg = Debug|Win32
		{D9E00FF3-DE86-4C75-BA0E-EB4EE5CFCF50}.Debug|x86.Build.0 = Debug|Win32
		{D9E00FF3-DE86-4C75-BA0E-EB4EE5CFCF50}.LIDebug|x86.ActiveCfg = Debug|Win32
		{D9E00FF3-DE86-4C75-BA0E-EB4EE5CFCF50}.LIDebug|x86.Build.0 = Debug|Win32
		{D9E00FF3-DE86-4C75-BA0E-EB4EE5CFCF50}.LIRelease|x86.ActiveCfg = Release|Win32
		{D9E00FF3-DE86-4C75-BA0E-EB4EE5CFCF50}.LIRelease|x86.Build.0 = Release|Win32
		{D9E00FF3-DE86-4C75-BA0E-EB4EE5CFCF50}.Release|x86.ActiveCfg = Release|Win32
		{D9E00FF3-DE86-4C75-BA0E-EB4EE5CFCF50}.Release|x86.Build.0 = Release|Win32
		{D9E00FF3-DE86-4C75-BA0E-EB4EE5CFCF50}.Template|x86.ActiveCfg = Template|Win32
		{D9E00FF3-DE86-4C75-BA0E-EB4EE5CFCF50}.Template|x86.Build.0 = Template|Win32
		{D9E00FF3-DE86-4C75-BA0E-EB4EE5CFCF50}.W2Debug|x86.ActiveCfg = Debug|Win32
		{D9E00FF3-DE86-4C75-BA0E-EB4EE5CFCF50}.W2Debug|x86.Build.0 = Debug|Win32
		{D9E00FF3-DE86-4C75-BA0E-EB4EE5CFCF50}.W2Release|x86.ActiveCfg = Release|Win32
		{D9E00FF3-DE86-4C75-BA0E-EB4EE5CFCF50}.W2Release|x86.Build.0 = Release|Win32
		{4DADDA2B-2F20-4786-BCC3-BA6DFD98F5DD}.Debug|x86.ActiveCfg = Debug|Win32
		{4DADDA2B-2F20-4786-BCC3-BA6DFD98F5DD}.Debug|x86.Build.0 = Debug|Win32
		{4DADDA2B-2F20-4786-BCC3-BA6DFD98F5DD}.LIDebug|x86.ActiveCfg = Debug|Win32
		{4DADDA2B-2F20-4786-BCC3-BA6DFD98F5DD}.LIDebug|x86.Build.0 = Debug|Win32
		{4DADDA2B-2F20-4786-BCC3-BA6DFD98F5DD}.LIRelease|x86.ActiveCfg = Release|Win32
		{4DADDA2B-2F20-4786-BCC3-BA6DFD98F5DD}.LIRelease|x86.Build.0 = Release|Win32
		{4DADDA2B-2F20-4786-BCC3-BA6DFD98F5DD}.Release|x86.ActiveCfg = Release|Win32
		{4DADDA2B-2F20-4786-BCC3-BA6DFD98F5DD}.Release|x86.Build.0 = Release|Win32
		{4DADDA2B-2F20-4786-BCC3-BA6DFD98F5DD}.Template|x86.ActiveCfg = Template|Win32
		{4DADDA2B-2F20-4786-BCC3-BA6DFD98F5DD}.Template|x86.Build.0 = Template|Win32
		{4DADDA2B-2F20-4786-BCC3-BA6DFD98F5DD}.W2Debug|x86.ActiveCfg = Debug|Win32
		{4DADDA2B-2F20-4786-BCC3-BA6DFD98F5DD}.W2Debug|x86.Build.0 = Debug|Win32
		{4DADDA2B-2F20-4786-BCC3-BA6DFD98F5DD}.W2Release|x86.ActiveCfg = Release|Win32
		{4DADDA2B-2F20-4786-BCC3-BA6DFD98F5DD}.W2Release|x86.Build.0 = Release|Win32
		{0D6B6625-6385-4B0D-9002-A2C687EABBB8}.Debug|x86.ActiveCfg = Debug|Win32
		{0D6B6625-6385-4B0D-9002-A2C687EABBB8}.Debug|x86.Build.0 = Debug|Win32
		{0D6B6625-6385-4B0D-9002-A2C687EABBB8}.LIDebug|x86.ActiveCfg = Debug|Win32
		{0D6B6625-6385-4B0D-9002-A2C687EABBB8}.LIDebug|x86.Build.0 = Debug|Win32
		{0D6B6625-6385-4B0D-9002-A2C687EABBB8}.LIRelease|x86.ActiveCfg = Release|Win32
		{0D6B6625-6385-4B0D-9002-A2C687EABBB8}.LIRelease|x86.Build.0 = Release|Win32
		{0D6B6625-6385-4B0D-9002-A2C687EABBB8}.Release|x86.ActiveCfg = Release|Win32
		{0D6B6625-6385-4B0D-9002-A2C687EABBB8}.Release|x86.Build.0 = Release|Win32
		{0D6B6625-6385-4B0D-9002-A2C687EABBB8}.Template|x86.ActiveCfg = Template|Win32
		{0D6B6625-6385-4B0D-9002-A2C687EABBB8}.Template|x86.Build.0 = Template|Win32
		{0D6B6625-6385-4B0D-9002-A2C687EABBB8}.W2Debug|x86.ActiveCfg = Debug|Win32
		{0D6B6625-6385-4B0D-9002-A2C687EABBB8}.W2Debug|x86.Build.0 = Debug|Win32
		{0D6B6625-6385-4B0D-9002-A2C687EABBB8}.W2Release|x86.ActiveCfg = Release|Win32
		{0D6B6625-6385-4B0D-9002-A2C687EABBB8}.W2Release|x86.Build.0 = Release|Win32
		{489282F3-10C3-4259-BA9C-9F2EF4534DFE}.Debug|x86.ActiveCfg = Debug|Win32
		{489282F3-10C3-4259-BA9C-9F2EF4534DFE}.Debug|x86.Build.0 = Debug|Win32
		{489282F3-10C3-4259-BA9C-9F2EF4534DFE}.LIDebug|x86.ActiveCfg = Debug|Win32
		{489282F3-10C3-4259-BA9C-9F2EF4534DFE}.LIDebug|x86.Build.0 = Debug|Win32
		{489282F3-10C3-4259-BA9C-9F2EF4534DFE}.LIRelease|x86.ActiveCfg = Release|Win32
		{489282F3-10C3-4259-BA9C-9F2EF4534DFE}.LIRelease|x86.Build.0 = Release|Win32
		{489282F3-10C3-4259-BA9C-9F2EF4534DFE}.Release|x86.ActiveCfg = Release|Win32
		{489282F3-10C3-4259-BA9C-9F2EF4534DFE}.Release|x86.Build.0 = Release|Win32
		{489282F3-10C3-4259-BA9C-9F2EF4534DFE}.Template|x86.ActiveCfg = Template|Win32
		{489282F3-10C3-4259-BA9C-9F2EF4534DFE}.Template|x86.Build.0 = Template|Win32
		{489282F3-10C3-4259-BA9C-9F2EF4534DFE}.W2Debug|x86.ActiveCfg = Debug|Win32
		{489282F3-10C3-4259-BA9C-9F2EF4534DFE}.W2Debug|x86.Build.0 = Debug|Win32
		{489282F3-10C3-4259-BA9C-9F2EF4534DFE}.W2Release|x86.ActiveCfg = Release|Win32
		{489282F3-10C3-4259-BA9C-9F2EF4534DFE}.W2Release|x86.Build.0 = Release|Win32
		{F1214D65-AE61-4E81-959E-553E613B5625}.Debug|x86.ActiveCfg = Debug|Win32
		{F1214D65-AE61-4E81-959E-553E613B5625}.Debug|x86.Build.0 = Debug|Win32
		{F1214D65-AE61-4E81-959E-553E613B5625}.LIDebug|x86.ActiveCfg = Debug|Win32
		{F1214D65-AE61-4E81-959E-553E613B5625}.LIDebug|x86.Build.0 = Debug|Win32
		{F1214D65-AE61-4E81-959E-553E613B5625}.LIRelease|x86.ActiveCfg = Release|Win32
		{F1214D65-AE61-4E81-959E-553E613B5625}.LIRelease|x86.Build.0 = Release|Win32
		{F1214D65-AE61-4E81-959E-553E613B5625}.Release|x86.ActiveCfg = Release|Win32
		{F1214D65-AE61-4E81-959E-553E613B5625}.Release|x86.Build.0 = Release|Win32
		{F1214D65-AE61-4E81-959E-553E613B5625}.Template|x86.ActiveCfg = Template|Win32
		{F1214D65-AE61-4E81-959E-553E613B5625}.Template|x86.Build.0 = Template|Win32
		{F1214D65-AE61-4E81-959E-553E613B5625}.W2Debug|x86.ActiveCfg = Debug|Win32
		{F1214D65-AE61-4E81-959E-553E613B5625}.W2Debug|x86.Build.0 = Debug|Win32
		{F1214D65-AE61-4E81-959E-553E613B5625}.W2Release|x86.ActiveCfg = Release|Win32
		{F1214D65-AE61-4E81-959E-553E613B5625}.W2Release|x86.Build.0 = Release|Win32
		{91A0DFF1-116C-46BC-9E7C-5C3828BC58A0}.Debug|x86.ActiveCfg = Debug|Win32
		{91A0DFF1-116C-46BC-9E7C-5C3828BC58A0}.Debug|x86.Build.0 = Debug|Win32
		{91A0DFF1-116C-46BC-9E7C-5C3828BC58A0}.LIDebug|x86.ActiveCfg = Debug|Win32
		{91A0DFF1-116C-46BC-9E7C-5C3828BC58A0}.LIDebug|x86.Build.0 = Debug|Win32
		{91A0DFF1-116C-46BC-9E7C-5C3828BC58A0}.LIRelease|x86.ActiveCfg = Release|Win32
		{91A0DFF1-116C-46BC-9E7C-5C3828BC58A0}.LIRelease|x86.Build.0 = Release|Win32
		{91A0DFF1-116C-46BC-9E7C-5C3828BC58A0}.Release|x86.ActiveCfg = Release|Win32
		{91A0DFF1-116C-46BC-9E7C-5C3828BC58A0}.Release|x86.Build.0 = Release|Win32
		{91A0DFF1-116C-46BC-9E7C-5C3828BC58A0}.Template|x86.ActiveCfg = Template|Win32
		{91A0DFF1-116C-46BC-9E7C-5C3828BC58A0}.Template|x86.Build.0 = Template|Win32
		{91A0DFF1-116C-46BC-9E7C-5C3828BC58A0}.W2Debug|x86.ActiveCfg = Debug|Win32
		{91A0DFF1-116C-46BC-9E7C-5C3828BC58A0}.W2Debug|x86.Build.0 = Debug|Win32
		{91A0DFF1-116C-46BC-9E7C-5C3828BC58A0}.W2Release|x86.ActiveCfg = Release|Win32
		{91A0DFF1-116C-46BC-9E7C-5C3828BC58A0}.W2Release|x86.Build.0 = Release|Win32
		{4AD355C2-EB2D-4E97-8C41-506E1F116783}.Debug|x86.ActiveCfg = Debug|Win32
		{4AD355C2-EB2D-4E97-8C41-506E1F116783}.Debug|x86.Build.0 = Debug|Win32
		{4AD355C2-EB2D-4E97-8C41-506E1F116783}.LIDebug|x86.ActiveCfg = LIDebug|Win32
		{4AD355C2-EB2D-4E97-8C41-506E1F116783}.LIDebug|x86.Build.0 = LIDebug|Win32
		{4AD355C2-EB2D-4E97-8C41-506E1F116783}.LIRelease|x86.ActiveCfg = LIRelease|Win32
		{4AD355C2-EB2D-4E97-8C41-506E1F116783}.LIRelease|x86.Build.0 = LIRelease|Win32
		{4AD355C2-EB2D-4E97-8C41-506E1F116783}.Release|x86.ActiveCfg = Release|Win32
		{4AD355C2-EB2D-4E97-8C41-506E1F116783}.Release|x86.Build.0 = Release|Win32
		{4AD355C2-EB2D-4E97-8C41-506E1F116783}.Template|x86.ActiveCfg = Template|Win32
		{4AD355C2-EB2D-4E97-8C41-506E1F116783}.Template|x86.Build.0 = Template|Win32
		{4AD355C2-EB2D-4E97-8C41-506E1F116783}.W2Debug|x86.ActiveCfg = W2Debug|Win32
		{4AD355C2-EB2D-4E97-8C41-506E1F116783}.W2Debug|x86.Build.0 = W2Debug|Win32
		{4AD355C2-EB2D-4E97-8C41-506E1F116783}.W2Release|x86.ActiveCfg = W2Release|Win32
		{4AD355C2-EB2D-4E97-8C41-506E1F116783}.W2Release|x86.Build.0 = W2Release|Win32
	EndGlobalSection
	GlobalSection(SolutionProperties) = preSolution
		HideSolutionNode = FALSE
	EndGlobalSection
	GlobalSection(ExtensibilityGlobals) = postSolution
		SolutionGuid = {93237E2C-D484-4609-97BC-0F5A41F689F9}
	EndGlobalSection
EndGlobal
