<?xml version="1.0" encoding="utf-8"?>
<Project ToolsVersion="4.0" xmlns="http://schemas.microsoft.com/developer/msbuild/2003">
  <ItemGroup>
    <Filter Include="Source Files">
      <UniqueIdentifier>{4cf8bdac-0927-4dda-abd6-680369e55b1e}</UniqueIdentifier>
      <Extensions>cpp;c;cxx;rc;def;r;odl;idl;hpj;bat</Extensions>
    </Filter>
    <Filter Include="Header Files">
      <UniqueIdentifier>{19cfea26-f2d9-4668-be59-0ac81d9d9fc2}</UniqueIdentifier>
      <Extensions>h;hpp;hxx;hm;inl</Extensions>
    </Filter>
    <Filter Include="Resource Files">
      <UniqueIdentifier>{3c8aa6c6-949d-401f-93ad-4802084ca7ac}</UniqueIdentifier>
      <Extensions>ico;cur;bmp;dlg;rc2;rct;bin;rgs;gif;jpg;jpeg;jpe</Extensions>
    </Filter>
  </ItemGroup>
  <ItemGroup>
    <ClCompile Include="ArchiviaFattureDlg.cpp">
      <Filter>Source Files</Filter>
    </ClCompile>
    <ClCompile Include="ArchivioAziende.cpp">
      <Filter>Source Files</Filter>
    </ClCompile>
    <ClCompile Include="ArchivioCertificatiView.cpp">
      <Filter>Source Files</Filter>
    </ClCompile>
    <ClCompile Include="ArchivioFattureView.cpp">
      <Filter>Source Files</Filter>
    </ClCompile>
    <ClCompile Include="ArchivioVerbaliView.cpp">
      <Filter>Source Files</Filter>
    </ClCompile>
    <ClCompile Include="AziendeOldSet.cpp">
      <Filter>Source Files</Filter>
    </ClCompile>
    <ClCompile Include="AziendeSet.cpp">
      <Filter>Source Files</Filter>
    </ClCompile>
    <ClCompile Include="AziendeTreeCtrl.cpp">
      <Filter>Source Files</Filter>
    </ClCompile>
    <ClCompile Include="AziendeTurboSet.cpp">
      <Filter>Source Files</Filter>
    </ClCompile>
    <ClCompile Include="AziendeView.cpp">
      <Filter>Source Files</Filter>
    </ClCompile>
    <ClCompile Include="Bmobject.cpp">
      <Filter>Source Files</Filter>
    </ClCompile>
    <ClCompile Include="CategorieDlg.cpp">
      <Filter>Source Files</Filter>
    </ClCompile>
    <ClCompile Include="CategorieServiziSet.cpp">
      <Filter>Source Files</Filter>
    </ClCompile>
    <ClCompile Include="CategorieSet.cpp">
      <Filter>Source Files</Filter>
    </ClCompile>
    <ClCompile Include="CertificatiSet.cpp">
      <Filter>Source Files</Filter>
    </ClCompile>
    <ClCompile Include="CertificatiVerbaliSet.cpp">
      <Filter>Source Files</Filter>
    </ClCompile>
    <ClCompile Include="ConnessioneDlg.cpp">
      <Filter>Source Files</Filter>
    </ClCompile>
    <ClCompile Include="DatiAziende.cpp">
      <Filter>Source Files</Filter>
    </ClCompile>
    <ClCompile Include="DatiFatturaProforma.cpp">
      <Filter>Source Files</Filter>
    </ClCompile>
    <ClCompile Include="DBRemotoDlg.cpp">
      <Filter>Source Files</Filter>
    </ClCompile>
    <ClCompile Include="EmendaDlg.cpp">
      <Filter>Source Files</Filter>
    </ClCompile>
    <ClCompile Include="EmissioneCertificatiDlg.cpp">
      <Filter>Source Files</Filter>
    </ClCompile>
    <ClCompile Include="EsportaFattureDlg.cpp">
      <Filter>Source Files</Filter>
    </ClCompile>
    <ClCompile Include="EsportazioneCSVView.cpp">
      <Filter>Source Files</Filter>
    </ClCompile>
    <ClCompile Include="EtichetteDlg.cpp">
      <Filter>Source Files</Filter>
    </ClCompile>
    <ClCompile Include="FattureSerEroVerSet.cpp">
      <Filter>Source Files</Filter>
    </ClCompile>
    <ClCompile Include="FattureSet.cpp">
      <Filter>Source Files</Filter>
    </ClCompile>
    <ClCompile Include="FattureTreeCtrl.cpp">
      <Filter>Source Files</Filter>
    </ClCompile>
    <ClCompile Include="FattureView.cpp">
      <Filter>Source Files</Filter>
    </ClCompile>
    <ClCompile Include="FindVerbaliDlg.cpp">
      <Filter>Source Files</Filter>
    </ClCompile>
    <ClCompile Include="GfxGroupEdit.cpp">
      <Filter>Source Files</Filter>
    </ClCompile>
    <ClCompile Include="GfxOutBarCtrl.cpp">
      <Filter>Source Files</Filter>
    </ClCompile>
    <ClCompile Include="GfxPopupMenu.cpp">
      <Filter>Source Files</Filter>
    </ClCompile>
    <ClCompile Include="GfxSplitterWnd.cpp">
      <Filter>Source Files</Filter>
    </ClCompile>
    <ClCompile Include="InsertVerbaliDlg.cpp">
      <Filter>Source Files</Filter>
    </ClCompile>
    <ClCompile Include="InsertVerbaliInFatturaDlg.cpp">
      <Filter>Source Files</Filter>
    </ClCompile>
    <ClCompile Include="ListiniSet.cpp">
      <Filter>Source Files</Filter>
    </ClCompile>
    <ClCompile Include="ListiniTreeCtrl.cpp">
      <Filter>Source Files</Filter>
    </ClCompile>
    <ClCompile Include="ListiniView.cpp">
      <Filter>Source Files</Filter>
    </ClCompile>
    <ClCompile Include="LocalitaSet.cpp">
      <Filter>Source Files</Filter>
    </ClCompile>
    <ClCompile Include="LogSet.cpp">
      <Filter>Source Files</Filter>
    </ClCompile>
    <ClCompile Include="CompressioneCubi\maindlg.cpp">
      <Filter>Source Files</Filter>
    </ClCompile>
    <ClCompile Include="MainFrm.cpp">
      <Filter>Source Files</Filter>
    </ClCompile>
    <ClCompile Include="MarchiSet.cpp">
      <Filter>Source Files</Filter>
    </ClCompile>
    <ClCompile Include="MarchiTurboSet.cpp">
      <Filter>Source Files</Filter>
    </ClCompile>
    <ClCompile Include="MarchiView.cpp">
      <Filter>Source Files</Filter>
    </ClCompile>
    <ClCompile Include="MinuteDlg.cpp">
      <Filter>Source Files</Filter>
    </ClCompile>
    <ClCompile Include="ModificaCertificatoDlg.cpp">
      <Filter>Source Files</Filter>
    </ClCompile>
    <ClCompile Include="msmask.cpp">
      <Filter>Source Files</Filter>
    </ClCompile>
    <ClCompile Include="OperatoriSet.cpp">
      <Filter>Source Files</Filter>
    </ClCompile>
    <ClCompile Include="OperatoriView.cpp">
      <Filter>Source Files</Filter>
    </ClCompile>
    <ClCompile Include="PreviewDlg.cpp">
      <Filter>Source Files</Filter>
    </ClCompile>
    <ClCompile Include="Printerpreter.cpp">
      <Filter>Source Files</Filter>
    </ClCompile>
    <ClCompile Include="PrinterThread.cpp">
      <Filter>Source Files</Filter>
    </ClCompile>
    <ClCompile Include="PrintPreviewCertificati.cpp">
      <Filter>Source Files</Filter>
    </ClCompile>
    <ClCompile Include="PrintPreviewFatture.cpp">
      <Filter>Source Files</Filter>
    </ClCompile>
    <ClCompile Include="PrintPreviewVerbali.cpp">
      <Filter>Source Files</Filter>
    </ClCompile>
    <ClCompile Include="ProviniSet.cpp">
      <Filter>Source Files</Filter>
    </ClCompile>
    <ClCompile Include="ReportVerbali.cpp">
      <Filter>Source Files</Filter>
    </ClCompile>
    <ClCompile Include="SalvaStampaVerbaliDlg.cpp">
      <Filter>Source Files</Filter>
    </ClCompile>
    <ClCompile Include="SerieDlg.cpp">
      <Filter>Source Files</Filter>
    </ClCompile>
    <ClCompile Include="SerieProviniSet.cpp">
      <Filter>Source Files</Filter>
    </ClCompile>
    <ClCompile Include="SerieSet.cpp">
      <Filter>Source Files</Filter>
    </ClCompile>
    <ClCompile Include="ServiziErogatiSet.cpp">
      <Filter>Source Files</Filter>
    </ClCompile>
    <ClCompile Include="ServiziFatturaDlg.cpp">
      <Filter>Source Files</Filter>
    </ClCompile>
    <ClCompile Include="ServiziListinoDlg.cpp">
      <Filter>Source Files</Filter>
    </ClCompile>
    <ClCompile Include="ServiziListinoSet.cpp">
      <Filter>Source Files</Filter>
    </ClCompile>
    <ClCompile Include="StampaCertificatiDlg.cpp">
      <Filter>Source Files</Filter>
    </ClCompile>
    <ClCompile Include="StampaEffetti.cpp">
      <Filter>Source Files</Filter>
    </ClCompile>
    <ClCompile Include="StampaFattureDlg.cpp">
      <Filter>Source Files</Filter>
    </ClCompile>
    <ClCompile Include="StatFatturatoView.cpp">
      <Filter>Source Files</Filter>
    </ClCompile>
    <ClCompile Include="StatProveView.cpp">
      <Filter>Source Files</Filter>
    </ClCompile>
    <ClCompile Include="StdAfx.cpp">
      <Filter>Source Files</Filter>
    </ClCompile>
    <ClCompile Include="StrumentiTreeCtrl.cpp">
      <Filter>Source Files</Filter>
    </ClCompile>
    <ClCompile Include="TipiCertificatoSet.cpp">
      <Filter>Source Files</Filter>
    </ClCompile>
    <ClCompile Include="TipiMaterialeSet.cpp">
      <Filter>Source Files</Filter>
    </ClCompile>
    <ClCompile Include="TipiMaterialeView.cpp">
      <Filter>Source Files</Filter>
    </ClCompile>
    <ClCompile Include="TipiPagamentoSet.cpp">
      <Filter>Source Files</Filter>
    </ClCompile>
    <ClCompile Include="TipiPagamentoView.cpp">
      <Filter>Source Files</Filter>
    </ClCompile>
    <ClCompile Include="TotFatturatoView.cpp">
      <Filter>Source Files</Filter>
    </ClCompile>
    <ClCompile Include="TrovaAziendaDlg.cpp">
      <Filter>Source Files</Filter>
    </ClCompile>
    <ClCompile Include="VerbaliServErogatiSet.cpp">
      <Filter>Source Files</Filter>
    </ClCompile>
    <ClCompile Include="VerbaliSet.cpp">
      <Filter>Source Files</Filter>
    </ClCompile>
    <ClCompile Include="VerbaliTreeCtrl.cpp">
      <Filter>Source Files</Filter>
    </ClCompile>
    <ClCompile Include="VerbaliView.cpp">
      <Filter>Source Files</Filter>
    </ClCompile>
    <ClCompile Include="VerbSerProSet.cpp">
      <Filter>Source Files</Filter>
    </ClCompile>
    <ClCompile Include="WinSigma.cpp">
      <Filter>Source Files</Filter>
    </ClCompile>
    <ClCompile Include="WinSigmaDoc.cpp">
      <Filter>Source Files</Filter>
    </ClCompile>
    <ClCompile Include="XBMPControl.cpp">
      <Filter>Source Files</Filter>
    </ClCompile>
    <ClCompile Include="XDialog.cpp">
      <Filter>Source Files</Filter>
    </ClCompile>
    <ClCompile Include="XFormView.cpp">
      <Filter>Source Files</Filter>
    </ClCompile>
    <ClCompile Include="XTreeCtrl.cpp">
      <Filter>Source Files</Filter>
    </ClCompile>
  </ItemGroup>
  <ItemGroup>
    <ClInclude Include="StampaEffetti.h">
      <Filter>Source Files</Filter>
    </ClInclude>
    <ClInclude Include="AllTables.h">
      <Filter>Header Files</Filter>
    </ClInclude>
    <ClInclude Include="ArchiviaFattureDlg.h">
      <Filter>Header Files</Filter>
    </ClInclude>
    <ClInclude Include="ArchivioAziende.h">
      <Filter>Header Files</Filter>
    </ClInclude>
    <ClInclude Include="ArchivioCertificatiView.h">
      <Filter>Header Files</Filter>
    </ClInclude>
    <ClInclude Include="ArchivioFattureView.h">
      <Filter>Header Files</Filter>
    </ClInclude>
    <ClInclude Include="ArchivioVerbaliView.h">
      <Filter>Header Files</Filter>
    </ClInclude>
    <ClInclude Include="AziendeOldSet.h">
      <Filter>Header Files</Filter>
    </ClInclude>
    <ClInclude Include="AziendeSet.h">
      <Filter>Header Files</Filter>
    </ClInclude>
    <ClInclude Include="AziendeTreeCtrl.h">
      <Filter>Header Files</Filter>
    </ClInclude>
    <ClInclude Include="AziendeTurboSet.h">
      <Filter>Header Files</Filter>
    </ClInclude>
    <ClInclude Include="AziendeView.h">
      <Filter>Header Files</Filter>
    </ClInclude>
    <ClInclude Include="Barcode.h">
      <Filter>Header Files</Filter>
    </ClInclude>
    <ClInclude Include="Bmobject.h">
      <Filter>Header Files</Filter>
    </ClInclude>
    <ClInclude Include="CategorieDlg.h">
      <Filter>Header Files</Filter>
    </ClInclude>
    <ClInclude Include="CategorieServiziSet.h">
      <Filter>Header Files</Filter>
    </ClInclude>
    <ClInclude Include="CategorieSet.h">
      <Filter>Header Files</Filter>
    </ClInclude>
    <ClInclude Include="CertificatiSet.h">
      <Filter>Header Files</Filter>
    </ClInclude>
    <ClInclude Include="CertificatiVerbaliSet.h">
      <Filter>Header Files</Filter>
    </ClInclude>
    <ClInclude Include="ConnessioneDlg.h">
      <Filter>Header Files</Filter>
    </ClInclude>
    <ClInclude Include="DatiAziende.h">
      <Filter>Header Files</Filter>
    </ClInclude>
    <ClInclude Include="DatiFatturaProforma.h">
      <Filter>Header Files</Filter>
    </ClInclude>
    <ClInclude Include="DBRemotoDlg.h">
      <Filter>Header Files</Filter>
    </ClInclude>
    <ClInclude Include="EmendaDlg.h">
      <Filter>Header Files</Filter>
    </ClInclude>
    <ClInclude Include="EmissioneCertificatiDlg.h">
      <Filter>Header Files</Filter>
    </ClInclude>
    <ClInclude Include="EsportaFattureDlg.h">
      <Filter>Header Files</Filter>
    </ClInclude>
    <ClInclude Include="EsportazioneCSVView.h">
      <Filter>Header Files</Filter>
    </ClInclude>
    <ClInclude Include="EtichetteDlg.h">
      <Filter>Header Files</Filter>
    </ClInclude>
    <ClInclude Include="FattureSerEroVerSet.h">
      <Filter>Header Files</Filter>
    </ClInclude>
    <ClInclude Include="FattureSet.h">
      <Filter>Header Files</Filter>
    </ClInclude>
    <ClInclude Include="FattureTreeCtrl.h">
      <Filter>Header Files</Filter>
    </ClInclude>
    <ClInclude Include="FattureView.h">
      <Filter>Header Files</Filter>
    </ClInclude>
    <ClInclude Include="FindVerbaliDlg.h">
      <Filter>Header Files</Filter>
    </ClInclude>
    <ClInclude Include="GfxGroupEdit.h">
      <Filter>Header Files</Filter>
    </ClInclude>
    <ClInclude Include="GfxOutBarCtrl.h">
      <Filter>Header Files</Filter>
    </ClInclude>
    <ClInclude Include="GfxPopupMenu.h">
      <Filter>Header Files</Filter>
    </ClInclude>
    <ClInclude Include="GfxSplitterWnd.h">
      <Filter>Header Files</Filter>
    </ClInclude>
    <ClInclude Include="InsertVerbaliDlg.h">
      <Filter>Header Files</Filter>
    </ClInclude>
    <ClInclude Include="InsertVerbaliInFatturaDlg.h">
      <Filter>Header Files</Filter>
    </ClInclude>
    <ClInclude Include="ListiniSet.h">
      <Filter>Header Files</Filter>
    </ClInclude>
    <ClInclude Include="ListiniTreeCtrl.h">
      <Filter>Header Files</Filter>
    </ClInclude>
    <ClInclude Include="ListiniView.h">
      <Filter>Header Files</Filter>
    </ClInclude>
    <ClInclude Include="LocalitaSet.h">
      <Filter>Header Files</Filter>
    </ClInclude>
    <ClInclude Include="LogSet.h">
      <Filter>Header Files</Filter>
    </ClInclude>
    <ClInclude Include="MainFrm.h">
      <Filter>Header Files</Filter>
    </ClInclude>
    <ClInclude Include="MarchiSet.h">
      <Filter>Header Files</Filter>
    </ClInclude>
    <ClInclude Include="MarchiTurboSet.h">
      <Filter>Header Files</Filter>
    </ClInclude>
    <ClInclude Include="MarchiView.h">
      <Filter>Header Files</Filter>
    </ClInclude>
    <ClInclude Include="MinuteDlg.h">
      <Filter>Header Files</Filter>
    </ClInclude>
    <ClInclude Include="ModificaCertificatoDlg.h">
      <Filter>Header Files</Filter>
    </ClInclude>
    <ClInclude Include="msmask.h">
      <Filter>Header Files</Filter>
    </ClInclude>
    <ClInclude Include="OperatoriSet.h">
      <Filter>Header Files</Filter>
    </ClInclude>
    <ClInclude Include="OperatoriView.h">
      <Filter>Header Files</Filter>
    </ClInclude>
    <ClInclude Include="PreviewDlg.h">
      <Filter>Header Files</Filter>
    </ClInclude>
    <ClInclude Include="Printerpreter.h">
      <Filter>Header Files</Filter>
    </ClInclude>
    <ClInclude Include="PrinterThread.h">
      <Filter>Header Files</Filter>
    </ClInclude>
    <ClInclude Include="PrintPreviewCertificati.h">
      <Filter>Header Files</Filter>
    </ClInclude>
    <ClInclude Include="PrintPreviewFatture.h">
      <Filter>Header Files</Filter>
    </ClInclude>
    <ClInclude Include="PrintPreviewVerbali.h">
      <Filter>Header Files</Filter>
    </ClInclude>
    <ClInclude Include="ProviniSet.h">
      <Filter>Header Files</Filter>
    </ClInclude>
    <ClInclude Include="ReportVerbali.h">
      <Filter>Header Files</Filter>
    </ClInclude>
    <ClInclude Include="SalvaStampaVerbaliDlg.h">
      <Filter>Header Files</Filter>
    </ClInclude>
    <ClInclude Include="SerieDlg.h">
      <Filter>Header Files</Filter>
    </ClInclude>
    <ClInclude Include="SerieProviniSet.h">
      <Filter>Header Files</Filter>
    </ClInclude>
    <ClInclude Include="SerieSet.h">
      <Filter>Header Files</Filter>
    </ClInclude>
    <ClInclude Include="ServiziErogatiSet.h">
      <Filter>Header Files</Filter>
    </ClInclude>
    <ClInclude Include="ServiziFatturaDlg.h">
      <Filter>Header Files</Filter>
    </ClInclude>
    <ClInclude Include="ServiziListinoDlg.h">
      <Filter>Header Files</Filter>
    </ClInclude>
    <ClInclude Include="ServiziListinoSet.h">
      <Filter>Header Files</Filter>
    </ClInclude>
    <ClInclude Include="StampaCertificatiDlg.h">
      <Filter>Header Files</Filter>
    </ClInclude>
    <ClInclude Include="StampaFattureDlg.h">
      <Filter>Header Files</Filter>
    </ClInclude>
    <ClInclude Include="StatFatturatoView.h">
      <Filter>Header Files</Filter>
    </ClInclude>
    <ClInclude Include="StatProveView.h">
      <Filter>Header Files</Filter>
    </ClInclude>
    <ClInclude Include="StdAfx.h">
      <Filter>Header Files</Filter>
    </ClInclude>
    <ClInclude Include="StrumentiTreeCtrl.h">
      <Filter>Header Files</Filter>
    </ClInclude>
    <ClInclude Include="TipiCertificatoSet.h">
      <Filter>Header Files</Filter>
    </ClInclude>
    <ClInclude Include="TipiMaterialeSet.h">
      <Filter>Header Files</Filter>
    </ClInclude>
    <ClInclude Include="TipiMaterialeView.h">
      <Filter>Header Files</Filter>
    </ClInclude>
    <ClInclude Include="TipiPagamentoSet.h">
      <Filter>Header Files</Filter>
    </ClInclude>
    <ClInclude Include="TipiPagamentoView.h">
      <Filter>Header Files</Filter>
    </ClInclude>
    <ClInclude Include="TotFatturatoView.h">
      <Filter>Header Files</Filter>
    </ClInclude>
    <ClInclude Include="TrovaAziendaDlg.h">
      <Filter>Header Files</Filter>
    </ClInclude>
    <ClInclude Include="VerbaliServErogatiSet.h">
      <Filter>Header Files</Filter>
    </ClInclude>
    <ClInclude Include="VerbaliSet.h">
      <Filter>Header Files</Filter>
    </ClInclude>
    <ClInclude Include="VerbaliTreeCtrl.h">
      <Filter>Header Files</Filter>
    </ClInclude>
    <ClInclude Include="VerbaliView.h">
      <Filter>Header Files</Filter>
    </ClInclude>
    <ClInclude Include="VerbSerProSet.h">
      <Filter>Header Files</Filter>
    </ClInclude>
    <ClInclude Include="WinSigma.h">
      <Filter>Header Files</Filter>
    </ClInclude>
    <ClInclude Include="WinSigmaDoc.h">
      <Filter>Header Files</Filter>
    </ClInclude>
    <ClInclude Include="XBMPControl.h">
      <Filter>Header Files</Filter>
    </ClInclude>
    <ClInclude Include="XDialog.h">
      <Filter>Header Files</Filter>
    </ClInclude>
    <ClInclude Include="XFormView.h">
      <Filter>Header Files</Filter>
    </ClInclude>
    <ClInclude Include="XTreeCtrl.h">
      <Filter>Header Files</Filter>
    </ClInclude>
  </ItemGroup>
  <ItemGroup>
    <ResourceCompile Include="WinSigma.rc">
      <Filter>Source Files</Filter>
    </ResourceCompile>
  </ItemGroup>
  <ItemGroup>
    <Image Include="res\archivio.bmp">
      <Filter>Resource Files</Filter>
    </Image>
    <Image Include="res\aziende.bmp">
      <Filter>Resource Files</Filter>
    </Image>
    <Image Include="res\bitmap2.bmp">
      <Filter>Resource Files</Filter>
    </Image>
    <Image Include="res\bitmap3.bmp">
      <Filter>Resource Files</Filter>
    </Image>
    <Image Include="res\bitmap4.bmp">
      <Filter>Resource Files</Filter>
    </Image>
    <Image Include="res\bmp00001.bmp">
      <Filter>Resource Files</Filter>
    </Image>
    <Image Include="res\bmp00002.bmp">
      <Filter>Resource Files</Filter>
    </Image>
    <Image Include="res\bmpSaveVerbali.bmp">
      <Filter>Resource Files</Filter>
    </Image>
    <Image Include="res\clock-2-icon-32x32.ico">
      <Filter>Resource Files</Filter>
    </Image>
    <Image Include="res\disk-4-icon-32x32.ico">
      <Filter>Resource Files</Filter>
    </Image>
    <Image Include="res\elett16.bmp">
      <Filter>Resource Files</Filter>
    </Image>
    <Image Include="res\fatture.bmp">
      <Filter>Resource Files</Filter>
    </Image>
    <Image Include="res\icon1.ico">
      <Filter>Resource Files</Filter>
    </Image>
    <Image Include="res\iconMsg.ico">
      <Filter>Resource Files</Filter>
    </Image>
    <Image Include="res\imagelis.bmp">
      <Filter>Resource Files</Filter>
    </Image>
    <Image Include="html\Images\lgq.bmp">
      <Filter>Resource Files</Filter>
    </Image>
    <Image Include="res\listini.bmp">
      <Filter>Resource Files</Filter>
    </Image>
    <Image Include="html\Images\LogoQUADRANTE.bmp">
      <Filter>Resource Files</Filter>
    </Image>
    <Image Include="res\quarkxpress-passport-icon-32x32.ico">
      <Filter>Resource Files</Filter>
    </Image>
    <Image Include="res\serie.bmp">
      <Filter>Resource Files</Filter>
    </Image>
    <Image Include="res\stampaCertificati.bmp">
      <Filter>Resource Files</Filter>
    </Image>
    <Image Include="res\Strumenti.bmp">
      <Filter>Resource Files</Filter>
    </Image>
    <Image Include="res\Toolbar.bmp">
      <Filter>Resource Files</Filter>
    </Image>
    <Image Include="res\toolbar1.bmp">
      <Filter>Resource Files</Filter>
    </Image>
    <Image Include="res\toolbar2.bmp">
      <Filter>Resource Files</Filter>
    </Image>
    <Image Include="res\toolbar_.bmp">
      <Filter>Resource Files</Filter>
    </Image>
    <Image Include="res\toolbar_arccert.bmp">
      <Filter>Resource Files</Filter>
    </Image>
    <Image Include="res\toolbar_arcfatt.bmp">
      <Filter>Resource Files</Filter>
    </Image>
    <Image Include="res\toolbar_arcverb.bmp">
      <Filter>Resource Files</Filter>
    </Image>
    <Image Include="res\toolbar_aziende.bmp">
      <Filter>Resource Files</Filter>
    </Image>
    <Image Include="res\toolbar_fatture.bmp">
      <Filter>Resource Files</Filter>
    </Image>
    <Image Include="res\toolbar_listini.bmp">
      <Filter>Resource Files</Filter>
    </Image>
    <Image Include="res\toolbar_marchi.bmp">
      <Filter>Resource Files</Filter>
    </Image>
    <Image Include="res\toolbar_materiali.bmp">
      <Filter>Resource Files</Filter>
    </Image>
    <Image Include="res\toolbar_operatori.bmp">
      <Filter>Resource Files</Filter>
    </Image>
    <Image Include="res\toolbar_pagamenti.bmp">
      <Filter>Resource Files</Filter>
    </Image>
    <Image Include="res\toolbar_verbali.bmp">
      <Filter>Resource Files</Filter>
    </Image>
    <Image Include="res\verbali.bmp">
      <Filter>Resource Files</Filter>
    </Image>
    <Image Include="res\WinSigma.ico">
      <Filter>Resource Files</Filter>
    </Image>
    <Image Include="res\WinSigma2.ico">
      <Filter>Resource Files</Filter>
    </Image>
    <Image Include="res\WinSigmaDoc.ico">
      <Filter>Resource Files</Filter>
    </Image>
  </ItemGroup>
  <ItemGroup>
    <Text Include="ReadMe.txt" />
  </ItemGroup>
  <ItemGroup>
    <CustomBuild Include="Resource.h">
      <Filter>Header Files</Filter>
    </CustomBuild>
    <CustomBuild Include="res\icr_hand.cur">
      <Filter>Resource Files</Filter>
    </CustomBuild>
    <CustomBuild Include="res\WinSigma.rc2">
      <Filter>Resource Files</Filter>
    </CustomBuild>
    <CustomBuild Include="html\WinSigma.hhp" />
  </ItemGroup>
</Project>